
Microsoft Visual Studio Solution File, Format Version 12.00
# Visual Studio Version 17
VisualStudioVersion = 17.3.32901.215
MinimumVisualStudioVersion = 10.0.40219.1
Project("{FAE04EC0-301F-11D3-BF4B-00C04F79EFBC}") = "Bekir_Osmanov_Final", "Bekir_Osmanov_Final\Bekir_Osmanov_Final.csproj", "{62D75C9A-C799-4C03-8938-46CB0A08145F}"
EndProject
Global
	GlobalSection(SolutionConfigurationPlatforms) = preSolution
		Debug|Any CPU = Debug|Any CPU
		Release|Any CPU = Release|Any CPU
	EndGlobalSection
	GlobalSection(ProjectConfigurationPlatforms) = postSolution
		{62D75C9A-C799-4C03-8938-46CB0A08145F}.Debug|Any CPU.ActiveCfg = Debug|Any CPU
		{62D75C9A-C799-4C03-8938-46CB0A08145F}.Debug|Any CPU.Build.0 = Debug|Any CPU
		{62D75C9A-C799-4C03-8938-46CB0A08145F}.Release|Any CPU.ActiveCfg = Release|Any CPU
		{62D75C9A-C799-4C03-8938-46CB0A08145F}.Release|Any CPU.Build.0 = Release|Any CPU
	EndGlobalSection
	GlobalSection(SolutionProperties) = preSolution
		HideSolutionNode = FALSE
	EndGlobalSection
	GlobalSection(ExtensibilityGlobals) = postSolution
		SolutionGuid = {36D83933-6D05-4EF8-8079-336F4407BEA0}
	EndGlobalSection
EndGlobal
